// !$*UTF8*$!
{
	archiveVersion = 1;
	classes = {
	};
	objectVersion = 56;
	objects = {

/* Begin PBXBuildFile section */
		D53874152CDB9C950038A59F /* AppDelegate.swift in Sources */ = {isa = PBXBuildFile; fileRef = D53874142CDB9C950038A59F /* AppDelegate.swift */; };
		D53874172CDB9C950038A59F /* SceneDelegate.swift in Sources */ = {isa = PBXBuildFile; fileRef = D53874162CDB9C950038A59F /* SceneDelegate.swift */; };
		D53874192CDB9C950038A59F /* ViewController.swift in Sources */ = {isa = PBXBuildFile; fileRef = D53874182CDB9C950038A59F /* ViewController.swift */; };
		D538741C2CDB9C950038A59F /* Main.storyboard in Resources */ = {isa = PBXBuildFile; fileRef = D538741A2CDB9C950038A59F /* Main.storyboard */; };
		D538741E2CDB9C970038A59F /* Assets.xcassets in Resources */ = {isa = PBXBuildFile; fileRef = D538741D2CDB9C970038A59F /* Assets.xcassets */; };
		D53874212CDB9C970038A59F /* LaunchScreen.storyboard in Resources */ = {isa = PBXBuildFile; fileRef = D538741F2CDB9C970038A59F /* LaunchScreen.storyboard */; };
		D538742C2CDB9C970038A59F /* git_studyTests.swift in Sources */ = {isa = PBXBuildFile; fileRef = D538742B2CDB9C970038A59F /* git_studyTests.swift */; };
		D53874362CDB9C980038A59F /* git_studyUITests.swift in Sources */ = {isa = PBXBuildFile; fileRef = D53874352CDB9C980038A59F /* git_studyUITests.swift */; };
		D53874382CDB9C980038A59F /* git_studyUITestsLaunchTests.swift in Sources */ = {isa = PBXBuildFile; fileRef = D53874372CDB9C980038A59F /* git_studyUITestsLaunchTests.swift */; };
/* End PBXBuildFile section */

/* Begin PBXContainerItemProxy section */
		D53874282CDB9C970038A59F /* PBXContainerItemProxy */ = {
			isa = PBXContainerItemProxy;
			containerPortal = D53874092CDB9C950038A59F /* Project object */;
			proxyType = 1;
			remoteGlobalIDString = D53874102CDB9C950038A59F;
			remoteInfo = git_study;
		};
		D53874322CDB9C980038A59F /* PBXContainerItemProxy */ = {
			isa = PBXContainerItemProxy;
			containerPortal = D53874092CDB9C950038A59F /* Project object */;
			proxyType = 1;
			remoteGlobalIDString = D53874102CDB9C950038A59F;
			remoteInfo = git_study;
		};
/* End PBXContainerItemProxy section */

/* Begin PBXFileReference section */
		D53874112CDB9C950038A59F /* git_study.app */ = {isa = PBXFileReference; explicitFileType = wrapper.application; includeInIndex = 0; path = git_study.app; sourceTree = BUILT_PRODUCTS_DIR; };
		D53874142CDB9C950038A59F /* AppDelegate.swift */ = {isa = PBXFileReference; lastKnownFileType = sourcecode.swift; path = AppDelegate.swift; sourceTree = "<group>"; };
		D53874162CDB9C950038A59F /* SceneDelegate.swift */ = {isa = PBXFileReference; lastKnownFileType = sourcecode.swift; path = SceneDelegate.swift; sourceTree = "<group>"; };
		D53874182CDB9C950038A59F /* ViewController.swift */ = {isa = PBXFileReference; lastKnownFileType = sourcecode.swift; path = ViewController.swift; sourceTree = "<group>"; };
		D538741B2CDB9C950038A59F /* Base */ = {isa = PBXFileReference; lastKnownFileType = file.storyboard; name = Base; path = Base.lproj/Main.storyboard; sourceTree = "<group>"; };
		D538741D2CDB9C970038A59F /* Assets.xcassets */ = {isa = PBXFileReference; lastKnownFileType = folder.assetcatalog; path = Assets.xcassets; sourceTree = "<group>"; };
		D53874202CDB9C970038A59F /* Base */ = {isa = PBXFileReference; lastKnownFileType = file.storyboard; name = Base; path = Base.lproj/LaunchScreen.storyboard; sourceTree = "<group>"; };
		D53874222CDB9C970038A59F /* Info.plist */ = {isa = PBXFileReference; lastKnownFileType = text.plist.xml; path = Info.plist; sourceTree = "<group>"; };
		D53874272CDB9C970038A59F /* git_studyTests.xctest */ = {isa = PBXFileReference; explicitFileType = wrapper.cfbundle; includeInIndex = 0; path = git_studyTests.xctest; sourceTree = BUILT_PRODUCTS_DIR; };
		D538742B2CDB9C970038A59F /* git_studyTests.swift */ = {isa = PBXFileReference; lastKnownFileType = sourcecode.swift; path = git_studyTests.swift; sourceTree = "<group>"; };
		D53874312CDB9C980038A59F /* git_studyUITests.xctest */ = {isa = PBXFileReference; explicitFileType = wrapper.cfbundle; includeInIndex = 0; path = git_studyUITests.xctest; sourceTree = BUILT_PRODUCTS_DIR; };
		D53874352CDB9C980038A59F /* git_studyUITests.swift */ = {isa = PBXFileReference; lastKnownFileType = sourcecode.swift; path = git_studyUITests.swift; sourceTree = "<group>"; };
		D53874372CDB9C980038A59F /* git_studyUITestsLaunchTests.swift */ = {isa = PBXFileReference; lastKnownFileType = sourcecode.swift; path = git_studyUITestsLaunchTests.swift; sourceTree = "<group>"; };
/* End PBXFileReference section */

/* Begin PBXFrameworksBuildPhase section */
		D538740E2CDB9C950038A59F /* Frameworks */ = {
			isa = PBXFrameworksBuildPhase;
			buildActionMask = 2147483647;
			files = (
			);
			runOnlyForDeploymentPostprocessing = 0;
		};
		D53874242CDB9C970038A59F /* Frameworks */ = {
			isa = PBXFrameworksBuildPhase;
			buildActionMask = 2147483647;
			files = (
			);
			runOnlyForDeploymentPostprocessing = 0;
		};
		D538742E2CDB9C980038A59F /* Frameworks */ = {
			isa = PBXFrameworksBuildPhase;
			buildActionMask = 2147483647;
			files = (
			);
			runOnlyForDeploymentPostprocessing = 0;
		};
/* End PBXFrameworksBuildPhase section */

/* Begin PBXGroup section */
		D53874082CDB9C950038A59F = {
			isa = PBXGroup;
			children = (
				D53874132CDB9C950038A59F /* git_study */,
				D538742A2CDB9C970038A59F /* git_studyTests */,
				D53874342CDB9C980038A59F /* git_studyUITests */,
				D53874122CDB9C950038A59F /* Products */,
			);
			sourceTree = "<group>";
		};
		D53874122CDB9C950038A59F /* Products */ = {
			isa = PBXGroup;
			children = (
				D53874112CDB9C950038A59F /* git_study.app */,
				D53874272CDB9C970038A59F /* git_studyTests.xctest */,
				D53874312CDB9C980038A59F /* git_studyUITests.xctest */,
			);
			name = Products;
			sourceTree = "<group>";
		};
		D53874132CDB9C950038A59F /* git_study */ = {
			isa = PBXGroup;
			children = (
				D53874142CDB9C950038A59F /* AppDelegate.swift */,
				D53874162CDB9C950038A59F /* SceneDelegate.swift */,
				D53874182CDB9C950038A59F /* ViewController.swift */,
				D538741A2CDB9C950038A59F /* Main.storyboard */,
				D538741D2CDB9C970038A59F /* Assets.xcassets */,
				D538741F2CDB9C970038A59F /* LaunchScreen.storyboard */,
				D53874222CDB9C970038A59F /* Info.plist */,
			);
			path = git_study;
			sourceTree = "<group>";
		};
		D538742A2CDB9C970038A59F /* git_studyTests */ = {
			isa = PBXGroup;
			children = (
				D538742B2CDB9C970038A59F /* git_studyTests.swift */,
			);
			path = git_studyTests;
			sourceTree = "<group>";
		};
		D53874342CDB9C980038A59F /* git_studyUITests */ = {
			isa = PBXGroup;
			children = (
				D53874352CDB9C980038A59F /* git_studyUITests.swift */,
				D53874372CDB9C980038A59F /* git_studyUITestsLaunchTests.swift */,
			);
			path = git_studyUITests;
			sourceTree = "<group>";
		};
/* End PBXGroup section */

/* Begin PBXNativeTarget section */
		D53874102CDB9C950038A59F /* git_study */ = {
			isa = PBXNativeTarget;
			buildConfigurationList = D538743B2CDB9C980038A59F /* Build configuration list for PBXNativeTarget "git_study" */;
			buildPhases = (
				D538740D2CDB9C950038A59F /* Sources */,
				D538740E2CDB9C950038A59F /* Frameworks */,
				D538740F2CDB9C950038A59F /* Resources */,
			);
			buildRules = (
			);
			dependencies = (
			);
			name = git_study;
			productName = git_study;
			productReference = D53874112CDB9C950038A59F /* git_study.app */;
			productType = "com.apple.product-type.application";
		};
		D53874262CDB9C970038A59F /* git_studyTests */ = {
			isa = PBXNativeTarget;
			buildConfigurationList = D538743E2CDB9C980038A59F /* Build configuration list for PBXNativeTarget "git_studyTests" */;
			buildPhases = (
				D53874232CDB9C970038A59F /* Sources */,
				D53874242CDB9C970038A59F /* Frameworks */,
				D53874252CDB9C970038A59F /* Resources */,
			);
			buildRules = (
			);
			dependencies = (
				D53874292CDB9C970038A59F /* PBXTargetDependency */,
			);
			name = git_studyTests;
			productName = git_studyTests;
			productReference = D53874272CDB9C970038A59F /* git_studyTests.xctest */;
			productType = "com.apple.product-type.bundle.unit-test";
		};
		D53874302CDB9C980038A59F /* git_studyUITests */ = {
			isa = PBXNativeTarget;
			buildConfigurationList = D53874412CDB9C980038A59F /* Build configuration list for PBXNativeTarget "git_studyUITests" */;
			buildPhases = (
				D538742D2CDB9C980038A59F /* Sources */,
				D538742E2CDB9C980038A59F /* Frameworks */,
				D538742F2CDB9C980038A59F /* Resources */,
			);
			buildRules = (
			);
			dependencies = (
				D53874332CDB9C980038A59F /* PBXTargetDependency */,
			);
			name = git_studyUITests;
			productName = git_studyUITests;
			productReference = D53874312CDB9C980038A59F /* git_studyUITests.xctest */;
			productType = "com.apple.product-type.bundle.ui-testing";
		};
/* End PBXNativeTarget section */

/* Begin PBXProject section */
		D53874092CDB9C950038A59F /* Project object */ = {
			isa = PBXProject;
			attributes = {
				BuildIndependentTargetsInParallel = 1;
				LastSwiftUpdateCheck = 1520;
				LastUpgradeCheck = 1520;
				TargetAttributes = {
					D53874102CDB9C950038A59F = {
						CreatedOnToolsVersion = 15.2;
					};
					D53874262CDB9C970038A59F = {
						CreatedOnToolsVersion = 15.2;
						TestTargetID = D53874102CDB9C950038A59F;
					};
					D53874302CDB9C980038A59F = {
						CreatedOnToolsVersion = 15.2;
						TestTargetID = D53874102CDB9C950038A59F;
					};
				};
			};
			buildConfigurationList = D538740C2CDB9C950038A59F /* Build configuration list for PBXProject "git_study" */;
			compatibilityVersion = "Xcode 14.0";
			developmentRegion = en;
			hasScannedForEncodings = 0;
			knownRegions = (
				en,
				Base,
			);
			mainGroup = D53874082CDB9C950038A59F;
			productRefGroup = D53874122CDB9C950038A59F /* Products */;
			projectDirPath = "";
			projectRoot = "";
			targets = (
				D53874102CDB9C950038A59F /* git_study */,
				D53874262CDB9C970038A59F /* git_studyTests */,
				D53874302CDB9C980038A59F /* git_studyUITests */,
			);
		};
/* End PBXProject section */

/* Begin PBXResourcesBuildPhase section */
		D538740F2CDB9C950038A59F /* Resources */ = {
			isa = PBXResourcesBuildPhase;
			buildActionMask = 2147483647;
			files = (
				D53874212CDB9C970038A59F /* LaunchScreen.storyboard in Resources */,
				D538741E2CDB9C970038A59F /* Assets.xcassets in Resources */,
				D538741C2CDB9C950038A59F /* Main.storyboard in Resources */,
			);
			runOnlyForDeploymentPostprocessing = 0;
		};
		D53874252CDB9C970038A59F /* Resources */ = {
			isa = PBXResourcesBuildPhase;
			buildActionMask = 2147483647;
			files = (
			);
			runOnlyForDeploymentPostprocessing = 0;
		};
		D538742F2CDB9C980038A59F /* Resources */ = {
			isa = PBXResourcesBuildPhase;
			buildActionMask = 2147483647;
			files = (
			);
			runOnlyForDeploymentPostprocessing = 0;
		};
/* End PBXResourcesBuildPhase section */

/* Begin PBXSourcesBuildPhase section */
		D538740D2CDB9C950038A59F /* Sources */ = {
			isa = PBXSourcesBuildPhase;
			buildActionMask = 2147483647;
			files = (
				D53874192CDB9C950038A59F /* ViewController.swift in Sources */,
				D53874152CDB9C950038A59F /* AppDelegate.swift in Sources */,
				D53874172CDB9C950038A59F /* SceneDelegate.swift in Sources */,
			);
			runOnlyForDeploymentPostprocessing = 0;
		};
		D53874232CDB9C970038A59F /* Sources */ = {
			isa = PBXSourcesBuildPhase;
			buildActionMask = 2147483647;
			files = (
				D538742C2CDB9C970038A59F /* git_studyTests.swift in Sources */,
			);
			runOnlyForDeploymentPostprocessing = 0;
		};
		D538742D2CDB9C980038A59F /* Sources */ = {
			isa = PBXSourcesBuildPhase;
			buildActionMask = 2147483647;
			files = (
				D53874362CDB9C980038A59F /* git_studyUITests.swift in Sources */,
				D53874382CDB9C980038A59F /* git_studyUITestsLaunchTests.swift in Sources */,
			);
			runOnlyForDeploymentPostprocessing = 0;
		};
/* End PBXSourcesBuildPhase section */

/* Begin PBXTargetDependency section */
		D53874292CDB9C970038A59F /* PBXTargetDependency */ = {
			isa = PBXTargetDependency;
			target = D53874102CDB9C950038A59F /* git_study */;
			targetProxy = D53874282CDB9C970038A59F /* PBXContainerItemProxy */;
		};
		D53874332CDB9C980038A59F /* PBXTargetDependency */ = {
			isa = PBXTargetDependency;
			target = D53874102CDB9C950038A59F /* git_study */;
			targetProxy = D53874322CDB9C980038A59F /* PBXContainerItemProxy */;
		};
/* End PBXTargetDependency section */

/* Begin PBXVariantGroup section */
		D538741A2CDB9C950038A59F /* Main.storyboard */ = {
			isa = PBXVariantGroup;
			children = (
				D538741B2CDB9C950038A59F /* Base */,
			);
			name = Main.storyboard;
			sourceTree = "<group>";
		};
		D538741F2CDB9C970038A59F /* LaunchScreen.storyboard */ = {
			isa = PBXVariantGroup;
			children = (
				D53874202CDB9C970038A59F /* Base */,
			);
			name = LaunchScreen.storyboard;
			sourceTree = "<group>";
		};
/* End PBXVariantGroup section */

/* Begin XCBuildConfiguration section */
		D53874392CDB9C980038A59F /* Debug */ = {
			isa = XCBuildConfiguration;
			buildSettings = {
				ALWAYS_SEARCH_USER_PATHS = NO;
				ASSETCATALOG_COMPILER_GENERATE_SWIFT_ASSET_SYMBOL_EXTENSIONS = YES;
				CLANG_ANALYZER_NONNULL = YES;
				CLANG_ANALYZER_NUMBER_OBJECT_CONVERSION = YES_AGGRESSIVE;
				CLANG_CXX_LANGUAGE_STANDARD = "gnu++20";
				CLANG_ENABLE_MODULES = YES;
				CLANG_ENABLE_OBJC_ARC = YES;
				CLANG_ENABLE_OBJC_WEAK = YES;
				CLANG_WARN_BLOCK_CAPTURE_AUTORELEASING = YES;
				CLANG_WARN_BOOL_CONVERSION = YES;
				CLANG_WARN_COMMA = YES;
				CLANG_WARN_CONSTANT_CONVERSION = YES;
				CLANG_WARN_DEPRECATED_OBJC_IMPLEMENTATIONS = YES;
				CLANG_WARN_DIRECT_OBJC_ISA_USAGE = YES_ERROR;
				CLANG_WARN_DOCUMENTATION_COMMENTS = YES;
				CLANG_WARN_EMPTY_BODY = YES;
				CLANG_WARN_ENUM_CONVERSION = YES;
				CLANG_WARN_INFINITE_RECURSION = YES;
				CLANG_WARN_INT_CONVERSION = YES;
				CLANG_WARN_NON_LITERAL_NULL_CONVERSION = YES;
				CLANG_WARN_OBJC_IMPLICIT_RETAIN_SELF = YES;
				CLANG_WARN_OBJC_LITERAL_CONVERSION = YES;
				CLANG_WARN_OBJC_ROOT_CLASS = YES_ERROR;
				CLANG_WARN_QUOTED_INCLUDE_IN_FRAMEWORK_HEADER = YES;
				CLANG_WARN_RANGE_LOOP_ANALYSIS = YES;
				CLANG_WARN_STRICT_PROTOTYPES = YES;
				CLANG_WARN_SUSPICIOUS_MOVE = YES;
				CLANG_WARN_UNGUARDED_AVAILABILITY = YES_AGGRESSIVE;
				CLANG_WARN_UNREACHABLE_CODE = YES;
				CLANG_WARN__DUPLICATE_METHOD_MATCH = YES;
				COPY_PHASE_STRIP = NO;
				DEBUG_INFORMATION_FORMAT = dwarf;
				ENABLE_STRICT_OBJC_MSGSEND = YES;
				ENABLE_TESTABILITY = YES;
				ENABLE_USER_SCRIPT_SANDBOXING = YES;
				GCC_C_LANGUAGE_STANDARD = gnu17;
				GCC_DYNAMIC_NO_PIC = NO;
				GCC_NO_COMMON_BLOCKS = YES;
				GCC_OPTIMIZATION_LEVEL = 0;
				GCC_PREPROCESSOR_DEFINITIONS = (
					"DEBUG=1",
					"$(inherited)",
				);
				GCC_WARN_64_TO_32_BIT_CONVERSION = YES;
				GCC_WARN_ABOUT_RETURN_TYPE = YES_ERROR;
				GCC_WARN_UNDECLARED_SELECTOR = YES;
				GCC_WARN_UNINITIALIZED_AUTOS = YES_AGGRESSIVE;
				GCC_WARN_UNUSED_FUNCTION = YES;
				GCC_WARN_UNUSED_VARIABLE = YES;
				IPHONEOS_DEPLOYMENT_TARGET = 17.2;
				LOCALIZATION_PREFERS_STRING_CATALOGS = YES;
				MTL_ENABLE_DEBUG_INFO = INCLUDE_SOURCE;
				MTL_FAST_MATH = YES;
				ONLY_ACTIVE_ARCH = YES;
				SDKROOT = iphoneos;
				SWIFT_ACTIVE_COMPILATION_CONDITIONS = "DEBUG $(inherited)";
				SWIFT_OPTIMIZATION_LEVEL = "-Onone";
			};
			name = Debug;
		};
		D538743A2CDB9C980038A59F /* Release */ = {
			isa = XCBuildConfiguration;
			buildSettings = {
				ALWAYS_SEARCH_USER_PATHS = NO;
				ASSETCATALOG_COMPILER_GENERATE_SWIFT_ASSET_SYMBOL_EXTENSIONS = YES;
				CLANG_ANALYZER_NONNULL = YES;
				CLANG_ANALYZER_NUMBER_OBJECT_CONVERSION = YES_AGGRESSIVE;
				CLANG_CXX_LANGUAGE_STANDARD = "gnu++20";
				CLANG_ENABLE_MODULES = YES;
				CLANG_ENABLE_OBJC_ARC = YES;
				CLANG_ENABLE_OBJC_WEAK = YES;
				CLANG_WARN_BLOCK_CAPTURE_AUTORELEASING = YES;
				CLANG_WARN_BOOL_CONVERSION = YES;
				CLANG_WARN_COMMA = YES;
				CLANG_WARN_CONSTANT_CONVERSION = YES;
				CLANG_WARN_DEPRECATED_OBJC_IMPLEMENTATIONS = YES;
				CLANG_WARN_DIRECT_OBJC_ISA_USAGE = YES_ERROR;
				CLANG_WARN_DOCUMENTATION_COMMENTS = YES;
				CLANG_WARN_EMPTY_BODY = YES;
				CLANG_WARN_ENUM_CONVERSION = YES;
				CLANG_WARN_INFINITE_RECURSION = YES;
				CLANG_WARN_INT_CONVERSION = YES;
				CLANG_WARN_NON_LITERAL_NULL_CONVERSION = YES;
				CLANG_WARN_OBJC_IMPLICIT_RETAIN_SELF = YES;
				CLANG_WARN_OBJC_LITERAL_CONVERSION = YES;
				CLANG_WARN_OBJC_ROOT_CLASS = YES_ERROR;
				CLANG_WARN_QUOTED_INCLUDE_IN_FRAMEWORK_HEADER = YES;
				CLANG_WARN_RANGE_LOOP_ANALYSIS = YES;
				CLANG_WARN_STRICT_PROTOTYPES = YES;
				CLANG_WARN_SUSPICIOUS_MOVE = YES;
				CLANG_WARN_UNGUARDED_AVAILABILITY = YES_AGGRESSIVE;
				CLANG_WARN_UNREACHABLE_CODE = YES;
				CLANG_WARN__DUPLICATE_METHOD_MATCH = YES;
				COPY_PHASE_STRIP = NO;
				DEBUG_INFORMATION_FORMAT = "dwarf-with-dsym";
				ENABLE_NS_ASSERTIONS = NO;
				ENABLE_STRICT_OBJC_MSGSEND = YES;
				ENABLE_USER_SCRIPT_SANDBOXING = YES;
				GCC_C_LANGUAGE_STANDARD = gnu17;
				GCC_NO_COMMON_BLOCKS = YES;
				GCC_WARN_64_TO_32_BIT_CONVERSION = YES;
				GCC_WARN_ABOUT_RETURN_TYPE = YES_ERROR;
				GCC_WARN_UNDECLARED_SELECTOR = YES;
				GCC_WARN_UNINITIALIZED_AUTOS = YES_AGGRESSIVE;
				GCC_WARN_UNUSED_FUNCTION = YES;
				GCC_WARN_UNUSED_VARIABLE = YES;
				IPHONEOS_DEPLOYMENT_TARGET = 17.2;
				LOCALIZATION_PREFERS_STRING_CATALOGS = YES;
				MTL_ENABLE_DEBUG_INFO = NO;
				MTL_FAST_MATH = YES;
				SDKROOT = iphoneos;
				SWIFT_COMPILATION_MODE = wholemodule;
				VALIDATE_PRODUCT = YES;
			};
			name = Release;
		};
		D538743C2CDB9C980038A59F /* Debug */ = {
			isa = XCBuildConfiguration;
			buildSettings = {
				ASSETCATALOG_COMPILER_APPICON_NAME = AppIcon;
				ASSETCATALOG_COMPILER_GLOBAL_ACCENT_COLOR_NAME = AccentColor;
				CODE_SIGN_STYLE = Automatic;
				CURRENT_PROJECT_VERSION = 1;
				DEVELOPMENT_TEAM = 4JXC27SJKM;
				GENERATE_INFOPLIST_FILE = YES;
				INFOPLIST_FILE = git_study/Info.plist;
				INFOPLIST_KEY_UIApplicationSupportsIndirectInputEvents = YES;
				INFOPLIST_KEY_UILaunchStoryboardName = LaunchScreen;
				INFOPLIST_KEY_UIMainStoryboardFile = Main;
				INFOPLIST_KEY_UISupportedInterfaceOrientations_iPad = "UIInterfaceOrientationPortrait UIInterfaceOrientationPortraitUpsideDown UIInterfaceOrientationLandscapeLeft UIInterfaceOrientationLandscapeRight";
				INFOPLIST_KEY_UISupportedInterfaceOrientations_iPhone = "UIInterfaceOrientationPortrait UIInterfaceOrientationLandscapeLeft UIInterfaceOrientationLandscapeRight";
				LD_RUNPATH_SEARCH_PATHS = (
					"$(inherited)",
					"@executable_path/Frameworks",
				);
				MARKETING_VERSION = 1.0;
				PRODUCT_BUNDLE_IDENTIFIER = "com.dogyungstudy.git-study";
				PRODUCT_NAME = "$(TARGET_NAME)";
				SWIFT_EMIT_LOC_STRINGS = YES;
				SWIFT_VERSION = 5.0;
				TARGETED_DEVICE_FAMILY = "1,2";
			};
			name = Debug;
		};
		D538743D2CDB9C980038A59F /* Release */ = {
			isa = XCBuildConfiguration;
			buildSettings = {
				ASSETCATALOG_COMPILER_APPICON_NAME = AppIcon;
				ASSETCATALOG_COMPILER_GLOBAL_ACCENT_COLOR_NAME = AccentColor;
				CODE_SIGN_STYLE = Automatic;
				CURRENT_PROJECT_VERSION = 1;
				DEVELOPMENT_TEAM = 4JXC27SJKM;
				GENERATE_INFOPLIST_FILE = YES;
				INFOPLIST_FILE = git_study/Info.plist;
				INFOPLIST_KEY_UIApplicationSupportsIndirectInputEvents = YES;
				INFOPLIST_KEY_UILaunchStoryboardName = LaunchScreen;
				INFOPLIST_KEY_UIMainStoryboardFile = Main;
				INFOPLIST_KEY_UISupportedInterfaceOrientations_iPad = "UIInterfaceOrientationPortrait UIInterfaceOrientationPortraitUpsideDown UIInterfaceOrientationLandscapeLeft UIInterfaceOrientationLandscapeRight";
				INFOPLIST_KEY_UISupportedInterfaceOrientations_iPhone = "UIInterfaceOrientationPortrait UIInterfaceOrientationLandscapeLeft UIInterfaceOrientationLandscapeRight";
				LD_RUNPATH_SEARCH_PATHS = (
					"$(inherited)",
					"@executable_path/Frameworks",
				);
				MARKETING_VERSION = 1.0;
				PRODUCT_BUNDLE_IDENTIFIER = "com.dogyungstudy.git-study";
				PRODUCT_NAME = "$(TARGET_NAME)";
				SWIFT_EMIT_LOC_STRINGS = YES;
				SWIFT_VERSION = 5.0;
				TARGETED_DEVICE_FAMILY = "1,2";
			};
			name = Release;
		};
		D538743F2CDB9C980038A59F /* Debug */ = {
			isa = XCBuildConfiguration;
			buildSettings = {
				ALWAYS_EMBED_SWIFT_STANDARD_LIBRARIES = YES;
				BUNDLE_LOADER = "$(TEST_HOST)";
				CODE_SIGN_STYLE = Automatic;
				CURRENT_PROJECT_VERSION = 1;
				DEVELOPMENT_TEAM = 4JXC27SJKM;
				GENERATE_INFOPLIST_FILE = YES;
				IPHONEOS_DEPLOYMENT_TARGET = 17.2;
				MARKETING_VERSION = 1.0;
				PRODUCT_BUNDLE_IDENTIFIER = "com.dogyungstudy.git-studyTests";
				PRODUCT_NAME = "$(TARGET_NAME)";
				SWIFT_EMIT_LOC_STRINGS = NO;
				SWIFT_VERSION = 5.0;
				TARGETED_DEVICE_FAMILY = "1,2";
				TEST_HOST = "$(BUILT_PRODUCTS_DIR)/git_study.app/$(BUNDLE_EXECUTABLE_FOLDER_PATH)/git_study";
			};
			name = Debug;
		};
		D53874402CDB9C980038A59F /* Release */ = {
			isa = XCBuildConfiguration;
			buildSettings = {
				ALWAYS_EMBED_SWIFT_STANDARD_LIBRARIES = YES;
				BUNDLE_LOADER = "$(TEST_HOST)";
				CODE_SIGN_STYLE = Automatic;
				CURRENT_PROJECT_VERSION = 1;
				DEVELOPMENT_TEAM = 4JXC27SJKM;
				GENERATE_INFOPLIST_FILE = YES;
				IPHONEOS_DEPLOYMENT_TARGET = 17.2;
				MARKETING_VERSION = 1.0;
				PRODUCT_BUNDLE_IDENTIFIER = "com.dogyungstudy.git-studyTests";
				PRODUCT_NAME = "$(TARGET_NAME)";
				SWIFT_EMIT_LOC_STRINGS = NO;
				SWIFT_VERSION = 5.0;
				TARGETED_DEVICE_FAMILY = "1,2";
				TEST_HOST = "$(BUILT_PRODUCTS_DIR)/git_study.app/$(BUNDLE_EXECUTABLE_FOLDER_PATH)/git_study";
			};
			name = Release;
		};
		D53874422CDB9C980038A59F /* Debug */ = {
			isa = XCBuildConfiguration;
			buildSettings = {
				ALWAYS_EMBED_SWIFT_STANDARD_LIBRARIES = YES;
				CODE_SIGN_STYLE = Automatic;
				CURRENT_PROJECT_VERSION = 1;
				DEVELOPMENT_TEAM = 4JXC27SJKM;
				GENERATE_INFOPLIST_FILE = YES;
				MARKETING_VERSION = 1.0;
				PRODUCT_BUNDLE_IDENTIFIER = "com.dogyungstudy.git-studyUITests";
				PRODUCT_NAME = "$(TARGET_NAME)";
				SWIFT_EMIT_LOC_STRINGS = NO;
				SWIFT_VERSION = 5.0;
				TARGETED_DEVICE_FAMILY = "1,2";
				TEST_TARGET_NAME = git_study;
			};
			name = Debug;
		};
		D53874432CDB9C980038A59F /* Release */ = {
			isa = XCBuildConfiguration;
			buildSettings = {
				ALWAYS_EMBED_SWIFT_STANDARD_LIBRARIES = YES;
				CODE_SIGN_STYLE = Automatic;
				CURRENT_PROJECT_VERSION = 1;
				DEVELOPMENT_TEAM = 4JXC27SJKM;
				GENERATE_INFOPLIST_FILE = YES;
				MARKETING_VERSION = 1.0;
				PRODUCT_BUNDLE_IDENTIFIER = "com.dogyungstudy.git-studyUITests";
				PRODUCT_NAME = "$(TARGET_NAME)";
				SWIFT_EMIT_LOC_STRINGS = NO;
				SWIFT_VERSION = 5.0;
				TARGETED_DEVICE_FAMILY = "1,2";
				TEST_TARGET_NAME = git_study;
			};
			name = Release;
		};
/* End XCBuildConfiguration section */

/* Begin XCConfigurationList section */
		D538740C2CDB9C950038A59F /* Build configuration list for PBXProject "git_study" */ = {
			isa = XCConfigurationList;
			buildConfigurations = (
				D53874392CDB9C980038A59F /* Debug */,
				D538743A2CDB9C980038A59F /* Release */,
			);
			defaultConfigurationIsVisible = 0;
			defaultConfigurationName = Release;
		};
		D538743B2CDB9C980038A59F /* Build configuration list for PBXNativeTarget "git_study" */ = {
			isa = XCConfigurationList;
			buildConfigurations = (
				D538743C2CDB9C980038A59F /* Debug */,
				D538743D2CDB9C980038A59F /* Release */,
			);
			defaultConfigurationIsVisible = 0;
			defaultConfigurationName = Release;
		};
		D538743E2CDB9C980038A59F /* Build configuration list for PBXNativeTarget "git_studyTests" */ = {
			isa = XCConfigurationList;
			buildConfigurations = (
				D538743F2CDB9C980038A59F /* Debug */,
				D53874402CDB9C980038A59F /* Release */,
			);
			defaultConfigurationIsVisible = 0;
			defaultConfigurationName = Release;
		};
		D53874412CDB9C980038A59F /* Build configuration list for PBXNativeTarget "git_studyUITests" */ = {
			isa = XCConfigurationList;
			buildConfigurations = (
				D53874422CDB9C980038A59F /* Debug */,
				D53874432CDB9C980038A59F /* Release */,
			);
			defaultConfigurationIsVisible = 0;
			defaultConfigurationName = Release;
		};
/* End XCConfigurationList section */
	};
	rootObject = D53874092CDB9C950038A59F /* Project object */;
}
